{
    "name": "@rbxts/behavior-tree-3",
    "version": "2.0.1-ts.3",
    "lockfileVersion": 2,
    "requires": true,
    "packages": {
        "": {
            "name": "@rbxts/behavior-tree-3",
            "version": "2.0.1-ts.3",
            "devDependencies": {
                "@rbxts/types": "^1.0.557"
            }
        },
        "node_modules/@rbxts/types": {
            "version": "1.0.557",
            "resolved": "https://registry.npmjs.org/@rbxts/types/-/types-1.0.557.tgz",
            "integrity": "sha512-bulbMtqvv8z7zSs1rm+4MqapmJ/I5SNNmEhi487m0AO50h+KpmBN025tGGhW4Im16YhhiKYdE/c8w5Xg6WExhg==",
            "dev": true
        }
    },
    "dependencies": {
        "@rbxts/types": {
            "version": "1.0.557",
            "resolved": "https://registry.npmjs.org/@rbxts/types/-/types-1.0.557.tgz",
            "integrity": "sha512-bulbMtqvv8z7zSs1rm+4MqapmJ/I5SNNmEhi487m0AO50h+KpmBN025tGGhW4Im16YhhiKYdE/c8w5Xg6WExhg==",
            "dev": true
        }
    }
}
